# THIS IS AN AUTOGENERATED FILE. DO NOT EDIT THIS FILE DIRECTLY.
# yarn lockfile v1


zod@^3.23.6:
  version "3.23.6"
  resolved "https://registry.yarnpkg.com/zod/-/zod-3.23.6.tgz#c08a977e2255dab1fdba933651584a05fcbf19e1"
  integrity sha512-RTHJlZhsRbuA8Hmp/iNL7jnfc4nZishjsanDAfEY1QpDQZCahUp3xDzl+zfweE9BklxMUcgBgS1b7Lvie/ZVwA==
